{
  "name": "os-wxmp-tools",
  "lockfileVersion": 2,
  "requires": true,
  "packages": {
    "": {
      "dependencies": {
        "@vant/weapp": "^1.9.2",
        "mp-html": "^2.2.0",
        "we-request": "^1.5.1",
        "westore": "^0.1.9",
        "wxbarcode": "^1.0.2"
      },
      "devDependencies": {
        "miniprogram-api-typings": "^3.4.4"
      }
    },
    "node_modules/@types/wechat-miniprogram": {
      "version": "3.4.0",
      "resolved": "https://registry.npmjs.org/@types/wechat-miniprogram/-/wechat-miniprogram-3.4.0.tgz",
      "integrity": "sha512-7d7KDwoV42/ANx/0C8C4ctBv1q9XnXYD4Fz0C+3ii0Tm+HRIwwDcinv8S88Ut/Y80czlI0shGpTgLFe0GbrXWQ=="
    },
    "node_modules/@vant/weapp": {
      "version": "1.9.2",
      "resolved": "https://registry.npmjs.org/@vant/weapp/-/weapp-1.9.2.tgz",
      "integrity": "sha512-brz1JLiXZev4u6cQFyDrGX5xddOHKwKUDgfbUrpqMcpW+dliV4oXMtkDt0rRNfYcEHyfewbvW9O+aas6KJUJYw=="
    },
    "node_modules/miniprogram-api-typings": {
      "version": "3.4.4",
      "resolved": "https://registry.npmjs.org/miniprogram-api-typings/-/miniprogram-api-typings-3.4.4.tgz",
      "integrity": "sha512-vT4avEJxCnscNXjY3rI0dNtU1tf/mNll9RhAS0uS+eN5IdQ7MrnG5thGOxjoWnDJSiPYLG912IMcf6KKsXEDAQ==",
      "dev": true
    },
    "node_modules/mp-html": {
      "version": "2.2.0",
      "resolved": "https://registry.npmjs.org/mp-html/-/mp-html-2.2.0.tgz",
      "integrity": "sha512-fl6IKR1vQ+yDyaA2WUKXarSyEUkbubOZBsTJMM1w7oOCvUJDe4s8g69giOiB5iaT/+tpRDmAxfBYUP6EwgLwpQ=="
    },
    "node_modules/rfdc": {
      "version": "1.3.0",
      "resolved": "https://registry.npmjs.org/rfdc/-/rfdc-1.3.0.tgz",
      "integrity": "sha512-V2hovdzFbOi77/WajaSMXk2OLm+xNIeQdMMuB7icj7bk6zi2F8GGAxigcnDFpJHbNyNcgyJDiP+8nOrY5cZGrA=="
    },
    "node_modules/we-request": {
      "version": "1.5.1",
      "resolved": "https://registry.npmjs.org/we-request/-/we-request-1.5.1.tgz",
      "integrity": "sha512-BoSJanSl1u/NcYfaaXQXF+njo4xasnf8NCEDlw3kkEivgTwrLwX419G948IfddTlQX69UH1EdixYeC5ujtpa5A==",
      "dependencies": {
        "@types/wechat-miniprogram": "^3.3.0"
      }
    },
    "node_modules/westore": {
      "version": "0.1.9",
      "resolved": "https://registry.npmjs.org/westore/-/westore-0.1.9.tgz",
      "integrity": "sha512-XhYv8UUzlvBgkU0YKHF//i6TYpBaV0vY9irunIypANv1qfUKvKC8C5G8s8/tQczNMEGSr5qkCNgCl/uNaEqElg==",
      "dependencies": {
        "rfdc": "^1.3.0"
      }
    },
    "node_modules/wxbarcode": {
      "version": "1.0.2",
      "resolved": "https://registry.npmjs.org/wxbarcode/-/wxbarcode-1.0.2.tgz",
      "integrity": "sha1-zgLjSP8AYwHZIBd21sn1rZATFLU="
    }
  },
  "dependencies": {
    "@types/wechat-miniprogram": {
      "version": "3.4.0",
      "resolved": "https://registry.npmjs.org/@types/wechat-miniprogram/-/wechat-miniprogram-3.4.0.tgz",
      "integrity": "sha512-7d7KDwoV42/ANx/0C8C4ctBv1q9XnXYD4Fz0C+3ii0Tm+HRIwwDcinv8S88Ut/Y80czlI0shGpTgLFe0GbrXWQ=="
    },
    "@vant/weapp": {
      "version": "1.9.2",
      "resolved": "https://registry.npmjs.org/@vant/weapp/-/weapp-1.9.2.tgz",
      "integrity": "sha512-brz1JLiXZev4u6cQFyDrGX5xddOHKwKUDgfbUrpqMcpW+dliV4oXMtkDt0rRNfYcEHyfewbvW9O+aas6KJUJYw=="
    },
    "miniprogram-api-typings": {
      "version": "3.4.4",
      "resolved": "https://registry.npmjs.org/miniprogram-api-typings/-/miniprogram-api-typings-3.4.4.tgz",
      "integrity": "sha512-vT4avEJxCnscNXjY3rI0dNtU1tf/mNll9RhAS0uS+eN5IdQ7MrnG5thGOxjoWnDJSiPYLG912IMcf6KKsXEDAQ==",
      "dev": true
    },
    "mp-html": {
      "version": "2.2.0",
      "resolved": "https://registry.npmjs.org/mp-html/-/mp-html-2.2.0.tgz",
      "integrity": "sha512-fl6IKR1vQ+yDyaA2WUKXarSyEUkbubOZBsTJMM1w7oOCvUJDe4s8g69giOiB5iaT/+tpRDmAxfBYUP6EwgLwpQ=="
    },
    "rfdc": {
      "version": "1.3.0",
      "resolved": "https://registry.npmjs.org/rfdc/-/rfdc-1.3.0.tgz",
      "integrity": "sha512-V2hovdzFbOi77/WajaSMXk2OLm+xNIeQdMMuB7icj7bk6zi2F8GGAxigcnDFpJHbNyNcgyJDiP+8nOrY5cZGrA=="
    },
    "we-request": {
      "version": "1.5.1",
      "resolved": "https://registry.npmjs.org/we-request/-/we-request-1.5.1.tgz",
      "integrity": "sha512-BoSJanSl1u/NcYfaaXQXF+njo4xasnf8NCEDlw3kkEivgTwrLwX419G948IfddTlQX69UH1EdixYeC5ujtpa5A==",
      "requires": {
        "@types/wechat-miniprogram": "^3.3.0"
      }
    },
    "westore": {
      "version": "0.1.9",
      "resolved": "https://registry.npmjs.org/westore/-/westore-0.1.9.tgz",
      "integrity": "sha512-XhYv8UUzlvBgkU0YKHF//i6TYpBaV0vY9irunIypANv1qfUKvKC8C5G8s8/tQczNMEGSr5qkCNgCl/uNaEqElg==",
      "requires": {
        "rfdc": "^1.3.0"
      }
    },
    "wxbarcode": {
      "version": "1.0.2",
      "resolved": "https://registry.npmjs.org/wxbarcode/-/wxbarcode-1.0.2.tgz",
      "integrity": "sha1-zgLjSP8AYwHZIBd21sn1rZATFLU="
    }
  }
}
