{
  "name": "os-wxmp-tools",
  "lockfileVersion": 2,
  "requires": true,
  "packages": {
    "": {
      "dependencies": {
        "mp-html": "^2.2.0"
      }
    },
    "node_modules/mp-html": {
      "version": "2.2.0",
      "resolved": "https://registry.npmjs.org/mp-html/-/mp-html-2.2.0.tgz",
      "integrity": "sha512-fl6IKR1vQ+yDyaA2WUKXarSyEUkbubOZBsTJMM1w7oOCvUJDe4s8g69giOiB5iaT/+tpRDmAxfBYUP6EwgLwpQ=="
    }
  },
  "dependencies": {
    "mp-html": {
      "version": "2.2.0",
      "resolved": "https://registry.npmjs.org/mp-html/-/mp-html-2.2.0.tgz",
      "integrity": "sha512-fl6IKR1vQ+yDyaA2WUKXarSyEUkbubOZBsTJMM1w7oOCvUJDe4s8g69giOiB5iaT/+tpRDmAxfBYUP6EwgLwpQ=="
    }
  }
}
